
Microsoft Visual Studio Solution File, Format Version 12.00
# Visual Studio Version 17
VisualStudioVersion = 17.2.32516.85
MinimumVisualStudioVersion = 10.0.40219.1
Project("{8BC9CEB8-8B4A-11D0-8D11-00A0C91BC942}") = "CudaBEM", "CudaBEM\CudaBEM.vcxproj", "{2190036C-9E5F-462D-BB52-640A52B15171}"
EndProject
Global
	GlobalSection(SolutionConfigurationPlatforms) = preSolution
		Debug|x64 = Debug|x64
		Release|x64 = Release|x64
	EndGlobalSection
	GlobalSection(ProjectConfigurationPlatforms) = postSolution
		{2190036C-9E5F-462D-BB52-640A52B15171}.Debug|x64.ActiveCfg = Debug|x64
		{2190036C-9E5F-462D-BB52-640A52B15171}.Debug|x64.Build.0 = Debug|x64
		{2190036C-9E5F-462D-BB52-640A52B15171}.Release|x64.ActiveCfg = Release|x64
		{2190036C-9E5F-462D-BB52-640A52B15171}.Release|x64.Build.0 = Release|x64
	EndGlobalSection
	GlobalSection(SolutionProperties) = preSolution
		HideSolutionNode = FALSE
	EndGlobalSection
	GlobalSection(ExtensibilityGlobals) = postSolution
		SolutionGuid = {B355737F-3BAA-43F0-B4CC-62B558BE6B33}
	EndGlobalSection
EndGlobal
